
Microsoft Visual Studio Solution File, Format Version 12.00
# Visual Studio Version 17
VisualStudioVersion = 17.8.34330.188
MinimumVisualStudioVersion = 10.0.40219.1
Project("{FAE04EC0-301F-11D3-BF4B-00C04F79EFBC}") = "MH05", "MH05\MH05.csproj", "{2CC1D71A-A3EF-4153-A849-922414AF688D}"
EndProject
Global
	GlobalSection(SolutionConfigurationPlatforms) = preSolution
		Debug|Any CPU = Debug|Any CPU
		Release|Any CPU = Release|Any CPU
	EndGlobalSection
	GlobalSection(ProjectConfigurationPlatforms) = postSolution
		{2CC1D71A-A3EF-4153-A849-922414AF688D}.Debug|Any CPU.ActiveCfg = Debug|Any CPU
		{2CC1D71A-A3EF-4153-A849-922414AF688D}.Debug|Any CPU.Build.0 = Debug|Any CPU
		{2CC1D71A-A3EF-4153-A849-922414AF688D}.Release|Any CPU.ActiveCfg = Release|Any CPU
		{2CC1D71A-A3EF-4153-A849-922414AF688D}.Release|Any CPU.Build.0 = Release|Any CPU
	EndGlobalSection
	GlobalSection(SolutionProperties) = preSolution
		HideSolutionNode = FALSE
	EndGlobalSection
	GlobalSection(ExtensibilityGlobals) = postSolution
		SolutionGuid = {A9579A3A-7647-4F63-9080-2C97AF94E295}
	EndGlobalSection
EndGlobal
