
Microsoft Visual Studio Solution File, Format Version 12.00
# Visual Studio Version 17
VisualStudioVersion = 17.8.34330.188
MinimumVisualStudioVersion = 10.0.40219.1
Project("{9A19103F-16F7-4668-BE54-9A1E7A4F7556}") = "MH09", "MH09\MH09.csproj", "{AF98A473-BF80-404A-826D-FE271342352B}"
EndProject
Global
	GlobalSection(SolutionConfigurationPlatforms) = preSolution
		Debug|Any CPU = Debug|Any CPU
		Debug|x64 = Debug|x64
		Debug|x86 = Debug|x86
		Release|Any CPU = Release|Any CPU
		Release|x64 = Release|x64
		Release|x86 = Release|x86
	EndGlobalSection
	GlobalSection(ProjectConfigurationPlatforms) = postSolution
		{AF98A473-BF80-404A-826D-FE271342352B}.Debug|Any CPU.ActiveCfg = Debug|Any CPU
		{AF98A473-BF80-404A-826D-FE271342352B}.Debug|Any CPU.Build.0 = Debug|Any CPU
		{AF98A473-BF80-404A-826D-FE271342352B}.Debug|x64.ActiveCfg = Debug|Any CPU
		{AF98A473-BF80-404A-826D-FE271342352B}.Debug|x86.ActiveCfg = Debug|Any CPU
		{AF98A473-BF80-404A-826D-FE271342352B}.Release|Any CPU.ActiveCfg = Release|Any CPU
		{AF98A473-BF80-404A-826D-FE271342352B}.Release|Any CPU.Build.0 = Release|Any CPU
		{AF98A473-BF80-404A-826D-FE271342352B}.Release|x64.ActiveCfg = Release|Any CPU
		{AF98A473-BF80-404A-826D-FE271342352B}.Release|x86.ActiveCfg = Release|Any CPU
	EndGlobalSection
	GlobalSection(SolutionProperties) = preSolution
		HideSolutionNode = FALSE
	EndGlobalSection
	GlobalSection(ExtensibilityGlobals) = postSolution
		SolutionGuid = {114879D2-E9EC-49F8-8476-27C8B55E3C2C}
	EndGlobalSection
EndGlobal
