
Microsoft Visual Studio Solution File, Format Version 12.00
# Visual Studio Version 17
VisualStudioVersion = 17.8.34330.188
MinimumVisualStudioVersion = 10.0.40219.1
Project("{2150E333-8FDC-42A3-9474-1A3956D46DE8}") = "MH01 動手建立多執行緒挑戰", "MH01 動手建立多執行緒挑戰", "{A302E9BC-E1DE-4F47-AE32-2C268880B01F}"
EndProject
Project("{2150E333-8FDC-42A3-9474-1A3956D46DE8}") = "Starter", "Starter", "{89B05F5C-9997-4B20-8215-D756A08CA639}"
EndProject
Project("{2150E333-8FDC-42A3-9474-1A3956D46DE8}") = "Finish", "Finish", "{A90F1246-AD10-4A8F-A062-C6FFB0993782}"
EndProject
Project("{2150E333-8FDC-42A3-9474-1A3956D46DE8}") = "MH06 設計多執行緒程式碼具有執行緒安全特性", "MH06 設計多執行緒程式碼具有執行緒安全特性", "{FF90894D-DA39-4912-91ED-92E907AEA4A7}"
EndProject
Project("{2150E333-8FDC-42A3-9474-1A3956D46DE8}") = "Docs", "Docs", "{E9C4C720-7C54-4B32-A39E-BED11C9FA84D}"
	ProjectSection(SolutionItems) = preProject
		readme.md = readme.md
	EndProjectSection
EndProject
Project("{9A19103F-16F7-4668-BE54-9A1E7A4F7556}") = "MH01", "MH01\Starter\MH01\MH01.csproj", "{D078CB0B-9B4E-49A8-A13C-4DA248D18431}"
EndProject
Project("{9A19103F-16F7-4668-BE54-9A1E7A4F7556}") = "MH01", "MH01\Finish\MH01\MH01.csproj", "{573E90A7-E1E1-46CF-AB1E-76A15B8CB01A}"
EndProject
Project("{2150E333-8FDC-42A3-9474-1A3956D46DE8}") = "0 Sync", "0 Sync", "{C6BC42B4-B28B-470B-B1B2-3C0CD6D3EC47}"
EndProject
Project("{2150E333-8FDC-42A3-9474-1A3956D46DE8}") = "1 Starter - multiple thread", "1 Starter - multiple thread", "{AC24DA1B-97B1-4784-B351-9B21DE5376DF}"
EndProject
Project("{2150E333-8FDC-42A3-9474-1A3956D46DE8}") = "Finish - SpinLock", "Finish - SpinLock", "{CF5C9E98-1A64-41F4-B23F-5845A01C8CEC}"
EndProject
Project("{2150E333-8FDC-42A3-9474-1A3956D46DE8}") = "Finish - lock", "Finish - lock", "{1D94AB04-9928-451F-B3EA-E16B648CF2D1}"
EndProject
Project("{2150E333-8FDC-42A3-9474-1A3956D46DE8}") = "Finish - local variable", "Finish - local variable", "{7FE5D790-1673-4E97-8422-25D6DA7F2116}"
EndProject
Project("{2150E333-8FDC-42A3-9474-1A3956D46DE8}") = "Finish - Interlocked", "Finish - Interlocked", "{29B964EC-25AB-45EE-BB14-3486ACB207D9}"
EndProject
Project("{2150E333-8FDC-42A3-9474-1A3956D46DE8}") = "Finish - AutoResetEvent", "Finish - AutoResetEvent", "{16C85998-1E0B-48AA-9A41-6C183997B5CC}"
EndProject
Project("{9A19103F-16F7-4668-BE54-9A1E7A4F7556}") = "MH06", "MH06\0 Sync\MH06\MH06.csproj", "{DE90D411-B370-484E-8031-78FF2ADDDBE4}"
EndProject
Project("{9A19103F-16F7-4668-BE54-9A1E7A4F7556}") = "MH06", "MH06\1 Starter - multiple thread\MH06\MH06.csproj", "{214999D4-9BBA-41FB-8976-E8ECFC14424A}"
EndProject
Project("{9A19103F-16F7-4668-BE54-9A1E7A4F7556}") = "MH06", "MH06\Finish - AutoResetEvent\MH06\MH06.csproj", "{38E15FC2-EF06-4E99-BEF2-980E97114906}"
EndProject
Project("{9A19103F-16F7-4668-BE54-9A1E7A4F7556}") = "MH06", "MH06\Finish - Interlocked\MH06\MH06.csproj", "{D10872B0-9D5C-473A-A338-F6686010F6F8}"
EndProject
Project("{9A19103F-16F7-4668-BE54-9A1E7A4F7556}") = "MH06", "MH06\Finish - local variable\MH06\MH06.csproj", "{A153A4BD-DD2C-4787-B1EB-788DBA9A7112}"
EndProject
Project("{9A19103F-16F7-4668-BE54-9A1E7A4F7556}") = "MH06", "MH06\Finish - lock\MH06\MH06.csproj", "{10BE7657-8DCD-41A2-8250-FEE5A3D1E394}"
EndProject
Project("{9A19103F-16F7-4668-BE54-9A1E7A4F7556}") = "MH06", "MH06\Finish - SpinLock\MH06\MH06.csproj", "{83E993D8-687C-4FDC-BA28-33F9E179D649}"
EndProject
Project("{2150E333-8FDC-42A3-9474-1A3956D46DE8}") = "Finish - Mutex", "Finish - Mutex", "{D9204636-44B9-4BF7-9336-6DCE78888463}"
EndProject
Project("{9A19103F-16F7-4668-BE54-9A1E7A4F7556}") = "MH06", "MH06\Finish - Mutex\MH06\MH06.csproj", "{720FDF00-FAA9-4F46-844B-456185572C1A}"
EndProject
Project("{2150E333-8FDC-42A3-9474-1A3956D46DE8}") = "Finish - Semaphore", "Finish - Semaphore", "{3E5EBE57-FE85-4905-9CD0-368BDE6AB984}"
EndProject
Project("{9A19103F-16F7-4668-BE54-9A1E7A4F7556}") = "MH06", "MH06\Finish - Semaphore\MH06\MH06.csproj", "{F86A4427-F12A-442B-B92C-021B4FFF679E}"
EndProject
Project("{2150E333-8FDC-42A3-9474-1A3956D46DE8}") = "Finish - Monitor", "Finish - Monitor", "{17EE8FB7-7182-4BD6-82FD-B38C195A22E9}"
EndProject
Project("{9A19103F-16F7-4668-BE54-9A1E7A4F7556}") = "MH06", "MH06\Finish - Monitor\MH06\MH06.csproj", "{E2FF3623-B748-4260-995F-9FA37316C800}"
EndProject
Project("{2150E333-8FDC-42A3-9474-1A3956D46DE8}") = "Solution - Benchmark", "Solution - Benchmark", "{AE0B223D-BDF4-4897-A7DB-AF83D9C8FFEC}"
EndProject
Project("{9A19103F-16F7-4668-BE54-9A1E7A4F7556}") = "MH06", "MH06\Solution - Benchmark\MH06\MH06.csproj", "{A42F4A22-D7D3-49DB-A0FA-771778EE831E}"
EndProject
Global
	GlobalSection(SolutionConfigurationPlatforms) = preSolution
		Debug|Any CPU = Debug|Any CPU
		Release|Any CPU = Release|Any CPU
	EndGlobalSection
	GlobalSection(ProjectConfigurationPlatforms) = postSolution
		{D078CB0B-9B4E-49A8-A13C-4DA248D18431}.Debug|Any CPU.ActiveCfg = Debug|Any CPU
		{D078CB0B-9B4E-49A8-A13C-4DA248D18431}.Debug|Any CPU.Build.0 = Debug|Any CPU
		{D078CB0B-9B4E-49A8-A13C-4DA248D18431}.Release|Any CPU.ActiveCfg = Release|Any CPU
		{D078CB0B-9B4E-49A8-A13C-4DA248D18431}.Release|Any CPU.Build.0 = Release|Any CPU
		{573E90A7-E1E1-46CF-AB1E-76A15B8CB01A}.Debug|Any CPU.ActiveCfg = Debug|Any CPU
		{573E90A7-E1E1-46CF-AB1E-76A15B8CB01A}.Debug|Any CPU.Build.0 = Debug|Any CPU
		{573E90A7-E1E1-46CF-AB1E-76A15B8CB01A}.Release|Any CPU.ActiveCfg = Release|Any CPU
		{573E90A7-E1E1-46CF-AB1E-76A15B8CB01A}.Release|Any CPU.Build.0 = Release|Any CPU
		{DE90D411-B370-484E-8031-78FF2ADDDBE4}.Debug|Any CPU.ActiveCfg = Debug|Any CPU
		{DE90D411-B370-484E-8031-78FF2ADDDBE4}.Debug|Any CPU.Build.0 = Debug|Any CPU
		{DE90D411-B370-484E-8031-78FF2ADDDBE4}.Release|Any CPU.ActiveCfg = Release|Any CPU
		{DE90D411-B370-484E-8031-78FF2ADDDBE4}.Release|Any CPU.Build.0 = Release|Any CPU
		{214999D4-9BBA-41FB-8976-E8ECFC14424A}.Debug|Any CPU.ActiveCfg = Debug|Any CPU
		{214999D4-9BBA-41FB-8976-E8ECFC14424A}.Debug|Any CPU.Build.0 = Debug|Any CPU
		{214999D4-9BBA-41FB-8976-E8ECFC14424A}.Release|Any CPU.ActiveCfg = Release|Any CPU
		{214999D4-9BBA-41FB-8976-E8ECFC14424A}.Release|Any CPU.Build.0 = Release|Any CPU
		{38E15FC2-EF06-4E99-BEF2-980E97114906}.Debug|Any CPU.ActiveCfg = Debug|Any CPU
		{38E15FC2-EF06-4E99-BEF2-980E97114906}.Debug|Any CPU.Build.0 = Debug|Any CPU
		{38E15FC2-EF06-4E99-BEF2-980E97114906}.Release|Any CPU.ActiveCfg = Release|Any CPU
		{38E15FC2-EF06-4E99-BEF2-980E97114906}.Release|Any CPU.Build.0 = Release|Any CPU
		{D10872B0-9D5C-473A-A338-F6686010F6F8}.Debug|Any CPU.ActiveCfg = Debug|Any CPU
		{D10872B0-9D5C-473A-A338-F6686010F6F8}.Debug|Any CPU.Build.0 = Debug|Any CPU
		{D10872B0-9D5C-473A-A338-F6686010F6F8}.Release|Any CPU.ActiveCfg = Release|Any CPU
		{D10872B0-9D5C-473A-A338-F6686010F6F8}.Release|Any CPU.Build.0 = Release|Any CPU
		{A153A4BD-DD2C-4787-B1EB-788DBA9A7112}.Debug|Any CPU.ActiveCfg = Debug|Any CPU
		{A153A4BD-DD2C-4787-B1EB-788DBA9A7112}.Debug|Any CPU.Build.0 = Debug|Any CPU
		{A153A4BD-DD2C-4787-B1EB-788DBA9A7112}.Release|Any CPU.ActiveCfg = Release|Any CPU
		{A153A4BD-DD2C-4787-B1EB-788DBA9A7112}.Release|Any CPU.Build.0 = Release|Any CPU
		{10BE7657-8DCD-41A2-8250-FEE5A3D1E394}.Debug|Any CPU.ActiveCfg = Debug|Any CPU
		{10BE7657-8DCD-41A2-8250-FEE5A3D1E394}.Debug|Any CPU.Build.0 = Debug|Any CPU
		{10BE7657-8DCD-41A2-8250-FEE5A3D1E394}.Release|Any CPU.ActiveCfg = Release|Any CPU
		{10BE7657-8DCD-41A2-8250-FEE5A3D1E394}.Release|Any CPU.Build.0 = Release|Any CPU
		{83E993D8-687C-4FDC-BA28-33F9E179D649}.Debug|Any CPU.ActiveCfg = Debug|Any CPU
		{83E993D8-687C-4FDC-BA28-33F9E179D649}.Debug|Any CPU.Build.0 = Debug|Any CPU
		{83E993D8-687C-4FDC-BA28-33F9E179D649}.Release|Any CPU.ActiveCfg = Release|Any CPU
		{83E993D8-687C-4FDC-BA28-33F9E179D649}.Release|Any CPU.Build.0 = Release|Any CPU
		{720FDF00-FAA9-4F46-844B-456185572C1A}.Debug|Any CPU.ActiveCfg = Debug|Any CPU
		{720FDF00-FAA9-4F46-844B-456185572C1A}.Debug|Any CPU.Build.0 = Debug|Any CPU
		{720FDF00-FAA9-4F46-844B-456185572C1A}.Release|Any CPU.ActiveCfg = Release|Any CPU
		{720FDF00-FAA9-4F46-844B-456185572C1A}.Release|Any CPU.Build.0 = Release|Any CPU
		{F86A4427-F12A-442B-B92C-021B4FFF679E}.Debug|Any CPU.ActiveCfg = Debug|Any CPU
		{F86A4427-F12A-442B-B92C-021B4FFF679E}.Debug|Any CPU.Build.0 = Debug|Any CPU
		{F86A4427-F12A-442B-B92C-021B4FFF679E}.Release|Any CPU.ActiveCfg = Release|Any CPU
		{F86A4427-F12A-442B-B92C-021B4FFF679E}.Release|Any CPU.Build.0 = Release|Any CPU
		{E2FF3623-B748-4260-995F-9FA37316C800}.Debug|Any CPU.ActiveCfg = Debug|Any CPU
		{E2FF3623-B748-4260-995F-9FA37316C800}.Debug|Any CPU.Build.0 = Debug|Any CPU
		{E2FF3623-B748-4260-995F-9FA37316C800}.Release|Any CPU.ActiveCfg = Release|Any CPU
		{E2FF3623-B748-4260-995F-9FA37316C800}.Release|Any CPU.Build.0 = Release|Any CPU
		{A42F4A22-D7D3-49DB-A0FA-771778EE831E}.Debug|Any CPU.ActiveCfg = Debug|Any CPU
		{A42F4A22-D7D3-49DB-A0FA-771778EE831E}.Debug|Any CPU.Build.0 = Debug|Any CPU
		{A42F4A22-D7D3-49DB-A0FA-771778EE831E}.Release|Any CPU.ActiveCfg = Release|Any CPU
		{A42F4A22-D7D3-49DB-A0FA-771778EE831E}.Release|Any CPU.Build.0 = Release|Any CPU
	EndGlobalSection
	GlobalSection(SolutionProperties) = preSolution
		HideSolutionNode = FALSE
	EndGlobalSection
	GlobalSection(NestedProjects) = preSolution
		{89B05F5C-9997-4B20-8215-D756A08CA639} = {A302E9BC-E1DE-4F47-AE32-2C268880B01F}
		{A90F1246-AD10-4A8F-A062-C6FFB0993782} = {A302E9BC-E1DE-4F47-AE32-2C268880B01F}
		{D078CB0B-9B4E-49A8-A13C-4DA248D18431} = {89B05F5C-9997-4B20-8215-D756A08CA639}
		{573E90A7-E1E1-46CF-AB1E-76A15B8CB01A} = {A90F1246-AD10-4A8F-A062-C6FFB0993782}
		{C6BC42B4-B28B-470B-B1B2-3C0CD6D3EC47} = {FF90894D-DA39-4912-91ED-92E907AEA4A7}
		{AC24DA1B-97B1-4784-B351-9B21DE5376DF} = {FF90894D-DA39-4912-91ED-92E907AEA4A7}
		{CF5C9E98-1A64-41F4-B23F-5845A01C8CEC} = {FF90894D-DA39-4912-91ED-92E907AEA4A7}
		{1D94AB04-9928-451F-B3EA-E16B648CF2D1} = {FF90894D-DA39-4912-91ED-92E907AEA4A7}
		{7FE5D790-1673-4E97-8422-25D6DA7F2116} = {FF90894D-DA39-4912-91ED-92E907AEA4A7}
		{29B964EC-25AB-45EE-BB14-3486ACB207D9} = {FF90894D-DA39-4912-91ED-92E907AEA4A7}
		{16C85998-1E0B-48AA-9A41-6C183997B5CC} = {FF90894D-DA39-4912-91ED-92E907AEA4A7}
		{DE90D411-B370-484E-8031-78FF2ADDDBE4} = {C6BC42B4-B28B-470B-B1B2-3C0CD6D3EC47}
		{214999D4-9BBA-41FB-8976-E8ECFC14424A} = {AC24DA1B-97B1-4784-B351-9B21DE5376DF}
		{38E15FC2-EF06-4E99-BEF2-980E97114906} = {16C85998-1E0B-48AA-9A41-6C183997B5CC}
		{D10872B0-9D5C-473A-A338-F6686010F6F8} = {29B964EC-25AB-45EE-BB14-3486ACB207D9}
		{A153A4BD-DD2C-4787-B1EB-788DBA9A7112} = {7FE5D790-1673-4E97-8422-25D6DA7F2116}
		{10BE7657-8DCD-41A2-8250-FEE5A3D1E394} = {1D94AB04-9928-451F-B3EA-E16B648CF2D1}
		{83E993D8-687C-4FDC-BA28-33F9E179D649} = {CF5C9E98-1A64-41F4-B23F-5845A01C8CEC}
		{D9204636-44B9-4BF7-9336-6DCE78888463} = {FF90894D-DA39-4912-91ED-92E907AEA4A7}
		{720FDF00-FAA9-4F46-844B-456185572C1A} = {D9204636-44B9-4BF7-9336-6DCE78888463}
		{3E5EBE57-FE85-4905-9CD0-368BDE6AB984} = {FF90894D-DA39-4912-91ED-92E907AEA4A7}
		{F86A4427-F12A-442B-B92C-021B4FFF679E} = {3E5EBE57-FE85-4905-9CD0-368BDE6AB984}
		{17EE8FB7-7182-4BD6-82FD-B38C195A22E9} = {FF90894D-DA39-4912-91ED-92E907AEA4A7}
		{E2FF3623-B748-4260-995F-9FA37316C800} = {17EE8FB7-7182-4BD6-82FD-B38C195A22E9}
		{AE0B223D-BDF4-4897-A7DB-AF83D9C8FFEC} = {FF90894D-DA39-4912-91ED-92E907AEA4A7}
		{A42F4A22-D7D3-49DB-A0FA-771778EE831E} = {AE0B223D-BDF4-4897-A7DB-AF83D9C8FFEC}
	EndGlobalSection
	GlobalSection(ExtensibilityGlobals) = postSolution
		SolutionGuid = {C726CD23-F4FE-4792-9FEA-FAD018E4E0E6}
	EndGlobalSection
EndGlobal
