
Microsoft Visual Studio Solution File, Format Version 12.00
# Visual Studio Version 17
VisualStudioVersion = 17.8.34525.116
MinimumVisualStudioVersion = 10.0.40219.1
Project("{FAE04EC0-301F-11D3-BF4B-00C04F79EFBC}") = "MH11", "MH11\MH11.csproj", "{5B8A48D0-9B05-4FD6-A9A4-8513A2B1404A}"
EndProject
Global
	GlobalSection(SolutionConfigurationPlatforms) = preSolution
		Debug|Any CPU = Debug|Any CPU
		Release|Any CPU = Release|Any CPU
	EndGlobalSection
	GlobalSection(ProjectConfigurationPlatforms) = postSolution
		{5B8A48D0-9B05-4FD6-A9A4-8513A2B1404A}.Debug|Any CPU.ActiveCfg = Debug|Any CPU
		{5B8A48D0-9B05-4FD6-A9A4-8513A2B1404A}.Debug|Any CPU.Build.0 = Debug|Any CPU
		{5B8A48D0-9B05-4FD6-A9A4-8513A2B1404A}.Release|Any CPU.ActiveCfg = Release|Any CPU
		{5B8A48D0-9B05-4FD6-A9A4-8513A2B1404A}.Release|Any CPU.Build.0 = Release|Any CPU
	EndGlobalSection
	GlobalSection(SolutionProperties) = preSolution
		HideSolutionNode = FALSE
	EndGlobalSection
	GlobalSection(ExtensibilityGlobals) = postSolution
		SolutionGuid = {B1050064-77BF-40FF-A3E5-46DD3C460DF9}
	EndGlobalSection
EndGlobal
